
Microsoft Visual Studio Solution File, Format Version 12.00
# Visual Studio 15
Project("{FAE04EC0-301F-11D3-BF4B-00C04F79EFBC}") = "spine-unity", "spine-unity.csproj", "{F82A59AD-56E8-F134-2B68-17D0BA818953}"
EndProject
Project("{FAE04EC0-301F-11D3-BF4B-00C04F79EFBC}") = "Assembly-CSharp", "Assembly-CSharp.csproj", "{AFFE89CC-93E4-3A8F-75D2-BCA0A5A960BC}"
EndProject
Project("{FAE04EC0-301F-11D3-BF4B-00C04F79EFBC}") = "Assembly-CSharp-Editor", "Assembly-CSharp-Editor.csproj", "{E704D731-1345-1106-B6A0-3F944B6CF5B8}"
EndProject
Project("{FAE04EC0-301F-11D3-BF4B-00C04F79EFBC}") = "spine-unity-editor", "spine-unity-editor.csproj", "{7E1B1E40-B4B1-B341-0963-F830AA6C1EE3}"
EndProject
Global
	GlobalSection(SolutionConfigurationPlatforms) = preSolution
		Debug|Any CPU = Debug|Any CPU
		Release|Any CPU = Release|Any CPU
	EndGlobalSection
	GlobalSection(ProjectConfigurationPlatforms) = postSolution
		{F82A59AD-56E8-F134-2B68-17D0BA818953}.Debug|Any CPU.ActiveCfg = Debug|Any CPU
		{F82A59AD-56E8-F134-2B68-17D0BA818953}.Debug|Any CPU.Build.0 = Debug|Any CPU
		{F82A59AD-56E8-F134-2B68-17D0BA818953}.Release|Any CPU.ActiveCfg = Release|Any CPU
		{F82A59AD-56E8-F134-2B68-17D0BA818953}.Release|Any CPU.Build.0 = Release|Any CPU
		{AFFE89CC-93E4-3A8F-75D2-BCA0A5A960BC}.Debug|Any CPU.ActiveCfg = Debug|Any CPU
		{AFFE89CC-93E4-3A8F-75D2-BCA0A5A960BC}.Debug|Any CPU.Build.0 = Debug|Any CPU
		{AFFE89CC-93E4-3A8F-75D2-BCA0A5A960BC}.Release|Any CPU.ActiveCfg = Release|Any CPU
		{AFFE89CC-93E4-3A8F-75D2-BCA0A5A960BC}.Release|Any CPU.Build.0 = Release|Any CPU
		{E704D731-1345-1106-B6A0-3F944B6CF5B8}.Debug|Any CPU.ActiveCfg = Debug|Any CPU
		{E704D731-1345-1106-B6A0-3F944B6CF5B8}.Debug|Any CPU.Build.0 = Debug|Any CPU
		{E704D731-1345-1106-B6A0-3F944B6CF5B8}.Release|Any CPU.ActiveCfg = Release|Any CPU
		{E704D731-1345-1106-B6A0-3F944B6CF5B8}.Release|Any CPU.Build.0 = Release|Any CPU
		{7E1B1E40-B4B1-B341-0963-F830AA6C1EE3}.Debug|Any CPU.ActiveCfg = Debug|Any CPU
		{7E1B1E40-B4B1-B341-0963-F830AA6C1EE3}.Debug|Any CPU.Build.0 = Debug|Any CPU
		{7E1B1E40-B4B1-B341-0963-F830AA6C1EE3}.Release|Any CPU.ActiveCfg = Release|Any CPU
		{7E1B1E40-B4B1-B341-0963-F830AA6C1EE3}.Release|Any CPU.Build.0 = Release|Any CPU
	EndGlobalSection
	GlobalSection(SolutionProperties) = preSolution
		HideSolutionNode = FALSE
	EndGlobalSection
EndGlobal
